// !$*UTF8*$!
{
	archiveVersion = 1;
	classes = {
	};
	objectVersion = 46;
	objects = {

/* Begin PBXBuildFile section */
		9B094B891B599628002AB4A6 /* AppDelegate.swift in Sources */ = {isa = PBXBuildFile; fileRef = 9B094B881B599628002AB4A6 /* AppDelegate.swift */; };
		9B094B8E1B599628002AB4A6 /* Main.storyboard in Resources */ = {isa = PBXBuildFile; fileRef = 9B094B8C1B599628002AB4A6 /* Main.storyboard */; };
		9B094B901B599628002AB4A6 /* Images.xcassets in Resources */ = {isa = PBXBuildFile; fileRef = 9B094B8F1B599628002AB4A6 /* Images.xcassets */; };
		9B094B931B599628002AB4A6 /* LaunchScreen.xib in Resources */ = {isa = PBXBuildFile; fileRef = 9B094B911B599628002AB4A6 /* LaunchScreen.xib */; };
		9B094B9F1B599628002AB4A6 /* ToolboxTests.swift in Sources */ = {isa = PBXBuildFile; fileRef = 9B094B9E1B599628002AB4A6 /* ToolboxTests.swift */; };
		9B094BAA1B5996A7002AB4A6 /* DaylightCalculatorInfoVC.swift in Sources */ = {isa = PBXBuildFile; fileRef = 9B094BA81B5996A7002AB4A6 /* DaylightCalculatorInfoVC.swift */; };
		9B094BAB1B5996A7002AB4A6 /* DaylightCalculatorVC.swift in Sources */ = {isa = PBXBuildFile; fileRef = 9B094BA91B5996A7002AB4A6 /* DaylightCalculatorVC.swift */; };
		9B094BAE1B5996C3002AB4A6 /* Constants.swift in Sources */ = {isa = PBXBuildFile; fileRef = 9B094BAD1B5996C3002AB4A6 /* Constants.swift */; };
		9B11A5F31B5BB64000695804 /* PipeTypeButton.swift in Sources */ = {isa = PBXBuildFile; fileRef = 9B11A5F21B5BB64000695804 /* PipeTypeButton.swift */; };
		9B11A5F51B5BC24700695804 /* WaterPipeSizerSettingsVC.swift in Sources */ = {isa = PBXBuildFile; fileRef = 9B11A5F41B5BC24700695804 /* WaterPipeSizerSettingsVC.swift */; };
		9B4AD64F1BB5DF1400AF9091 /* WaterPipeSizerVC2.swift in Sources */ = {isa = PBXBuildFile; fileRef = 9B4AD64E1BB5DF1400AF9091 /* WaterPipeSizerVC2.swift */; };
		9B4AD6511BB5E31300AF9091 /* ButtonWithRow.swift in Sources */ = {isa = PBXBuildFile; fileRef = 9B4AD6501BB5E31300AF9091 /* ButtonWithRow.swift */; };
		9B4AD6541BB5E34500AF9091 /* TextFieldWithRow.swift in Sources */ = {isa = PBXBuildFile; fileRef = 9B4AD6531BB5E34500AF9091 /* TextFieldWithRow.swift */; };
		9B7F7CCB1CFB2DF0002D352B /* DuctSizerFormulae.pdf in Resources */ = {isa = PBXBuildFile; fileRef = 9B7F7CC91CFB2DF0002D352B /* DuctSizerFormulae.pdf */; };
		9B7F7CCC1CFB2DF0002D352B /* PipeSizerFormulae.pdf in Resources */ = {isa = PBXBuildFile; fileRef = 9B7F7CCA1CFB2DF0002D352B /* PipeSizerFormulae.pdf */; };
		9BCE1F191C6E7A0500F417FE /* InfoVC.swift in Sources */ = {isa = PBXBuildFile; fileRef = 9BCE1F181C6E7A0500F417FE /* InfoVC.swift */; };
		9BD1CD5B1B5EF98100EEFB40 /* DemandUnitTF.swift in Sources */ = {isa = PBXBuildFile; fileRef = 9BD1CD5A1B5EF98100EEFB40 /* DemandUnitTF.swift */; };
		9BD6C40D1B603892006D2408 /* DuctSizerVC.swift in Sources */ = {isa = PBXBuildFile; fileRef = 9BD6C40C1B603892006D2408 /* DuctSizerVC.swift */; };
		9BE0EFFA1C149D2400E37680 /* HomeVC.swift in Sources */ = {isa = PBXBuildFile; fileRef = 9BE0EFF91C149D2400E37680 /* HomeVC.swift */; };
		9BE0EFFC1C149E2700E37680 /* ActionView.swift in Sources */ = {isa = PBXBuildFile; fileRef = 9BE0EFFB1C149E2700E37680 /* ActionView.swift */; };
		9BF7E3401B64F0DD00FF247E /* DuctSizerSettingsVC.swift in Sources */ = {isa = PBXBuildFile; fileRef = 9BF7E33F1B64F0DD00FF247E /* DuctSizerSettingsVC.swift */; };
		9BF7E3431B655FDF00FF247E /* HeatPipeSizerVC.swift in Sources */ = {isa = PBXBuildFile; fileRef = 9BF7E3421B655FDF00FF247E /* HeatPipeSizerVC.swift */; };
		9BF7E3451B656DC400FF247E /* LoadInfoTF.swift in Sources */ = {isa = PBXBuildFile; fileRef = 9BF7E3441B656DC400FF247E /* LoadInfoTF.swift */; };
		9BF7E3471B65701900FF247E /* LoadQuantityButton.swift in Sources */ = {isa = PBXBuildFile; fileRef = 9BF7E3461B65701900FF247E /* LoadQuantityButton.swift */; };
		9BFC6B981B6FA33B0004DB58 /* HeatPipeSizerSettingsVC.swift in Sources */ = {isa = PBXBuildFile; fileRef = 9BFC6B971B6FA33B0004DB58 /* HeatPipeSizerSettingsVC.swift */; };
/* End PBXBuildFile section */

/* Begin PBXContainerItemProxy section */
		9B094B991B599628002AB4A6 /* PBXContainerItemProxy */ = {
			isa = PBXContainerItemProxy;
			containerPortal = 9B094B7B1B599628002AB4A6 /* Project object */;
			proxyType = 1;
			remoteGlobalIDString = 9B094B821B599628002AB4A6;
			remoteInfo = Toolbox;
		};
/* End PBXContainerItemProxy section */

/* Begin PBXFileReference section */
		9B094B831B599628002AB4A6 /* Toolbox.app */ = {isa = PBXFileReference; explicitFileType = wrapper.application; includeInIndex = 0; path = Toolbox.app; sourceTree = BUILT_PRODUCTS_DIR; };
		9B094B871B599628002AB4A6 /* Info.plist */ = {isa = PBXFileReference; lastKnownFileType = text.plist.xml; path = Info.plist; sourceTree = "<group>"; };
		9B094B881B599628002AB4A6 /* AppDelegate.swift */ = {isa = PBXFileReference; lastKnownFileType = sourcecode.swift; path = AppDelegate.swift; sourceTree = "<group>"; };
		9B094B8D1B599628002AB4A6 /* Base */ = {isa = PBXFileReference; lastKnownFileType = file.storyboard; name = Base; path = Base.lproj/Main.storyboard; sourceTree = "<group>"; };
		9B094B8F1B599628002AB4A6 /* Images.xcassets */ = {isa = PBXFileReference; lastKnownFileType = folder.assetcatalog; path = Images.xcassets; sourceTree = "<group>"; };
		9B094B921B599628002AB4A6 /* Base */ = {isa = PBXFileReference; lastKnownFileType = file.xib; name = Base; path = Base.lproj/LaunchScreen.xib; sourceTree = "<group>"; };
		9B094B981B599628002AB4A6 /* ToolboxTests.xctest */ = {isa = PBXFileReference; explicitFileType = wrapper.cfbundle; includeInIndex = 0; path = ToolboxTests.xctest; sourceTree = BUILT_PRODUCTS_DIR; };
		9B094B9D1B599628002AB4A6 /* Info.plist */ = {isa = PBXFileReference; lastKnownFileType = text.plist.xml; path = Info.plist; sourceTree = "<group>"; };
		9B094B9E1B599628002AB4A6 /* ToolboxTests.swift */ = {isa = PBXFileReference; lastKnownFileType = sourcecode.swift; path = ToolboxTests.swift; sourceTree = "<group>"; };
		9B094BA81B5996A7002AB4A6 /* DaylightCalculatorInfoVC.swift */ = {isa = PBXFileReference; fileEncoding = 4; lastKnownFileType = sourcecode.swift; path = DaylightCalculatorInfoVC.swift; sourceTree = "<group>"; };
		9B094BA91B5996A7002AB4A6 /* DaylightCalculatorVC.swift */ = {isa = PBXFileReference; fileEncoding = 4; lastKnownFileType = sourcecode.swift; path = DaylightCalculatorVC.swift; sourceTree = "<group>"; };
		9B094BAD1B5996C3002AB4A6 /* Constants.swift */ = {isa = PBXFileReference; fileEncoding = 4; lastKnownFileType = sourcecode.swift; path = Constants.swift; sourceTree = "<group>"; };
		9B11A5F21B5BB64000695804 /* PipeTypeButton.swift */ = {isa = PBXFileReference; fileEncoding = 4; lastKnownFileType = sourcecode.swift; path = PipeTypeButton.swift; sourceTree = "<group>"; };
		9B11A5F41B5BC24700695804 /* WaterPipeSizerSettingsVC.swift */ = {isa = PBXFileReference; fileEncoding = 4; lastKnownFileType = sourcecode.swift; path = WaterPipeSizerSettingsVC.swift; sourceTree = "<group>"; };
		9B4AD64E1BB5DF1400AF9091 /* WaterPipeSizerVC2.swift */ = {isa = PBXFileReference; fileEncoding = 4; lastKnownFileType = sourcecode.swift; path = WaterPipeSizerVC2.swift; sourceTree = "<group>"; };
		9B4AD6501BB5E31300AF9091 /* ButtonWithRow.swift */ = {isa = PBXFileReference; fileEncoding = 4; lastKnownFileType = sourcecode.swift; path = ButtonWithRow.swift; sourceTree = "<group>"; };
		9B4AD6531BB5E34500AF9091 /* TextFieldWithRow.swift */ = {isa = PBXFileReference; fileEncoding = 4; lastKnownFileType = sourcecode.swift; path = TextFieldWithRow.swift; sourceTree = "<group>"; };
		9B7F7CC91CFB2DF0002D352B /* DuctSizerFormulae.pdf */ = {isa = PBXFileReference; lastKnownFileType = image.pdf; path = DuctSizerFormulae.pdf; sourceTree = "<group>"; };
		9B7F7CCA1CFB2DF0002D352B /* PipeSizerFormulae.pdf */ = {isa = PBXFileReference; lastKnownFileType = image.pdf; path = PipeSizerFormulae.pdf; sourceTree = "<group>"; };
		9BCE1F181C6E7A0500F417FE /* InfoVC.swift */ = {isa = PBXFileReference; fileEncoding = 4; lastKnownFileType = sourcecode.swift; path = InfoVC.swift; sourceTree = "<group>"; };
		9BD1CD5A1B5EF98100EEFB40 /* DemandUnitTF.swift */ = {isa = PBXFileReference; fileEncoding = 4; lastKnownFileType = sourcecode.swift; path = DemandUnitTF.swift; sourceTree = "<group>"; };
		9BD6C40C1B603892006D2408 /* DuctSizerVC.swift */ = {isa = PBXFileReference; fileEncoding = 4; lastKnownFileType = sourcecode.swift; path = DuctSizerVC.swift; sourceTree = "<group>"; };
		9BE0EFF91C149D2400E37680 /* HomeVC.swift */ = {isa = PBXFileReference; fileEncoding = 4; lastKnownFileType = sourcecode.swift; path = HomeVC.swift; sourceTree = "<group>"; };
		9BE0EFFB1C149E2700E37680 /* ActionView.swift */ = {isa = PBXFileReference; fileEncoding = 4; lastKnownFileType = sourcecode.swift; path = ActionView.swift; sourceTree = "<group>"; };
		9BF7E33F1B64F0DD00FF247E /* DuctSizerSettingsVC.swift */ = {isa = PBXFileReference; fileEncoding = 4; lastKnownFileType = sourcecode.swift; path = DuctSizerSettingsVC.swift; sourceTree = "<group>"; };
		9BF7E3421B655FDF00FF247E /* HeatPipeSizerVC.swift */ = {isa = PBXFileReference; fileEncoding = 4; lastKnownFileType = sourcecode.swift; path = HeatPipeSizerVC.swift; sourceTree = "<group>"; };
		9BF7E3441B656DC400FF247E /* LoadInfoTF.swift */ = {isa = PBXFileReference; fileEncoding = 4; lastKnownFileType = sourcecode.swift; path = LoadInfoTF.swift; sourceTree = "<group>"; };
		9BF7E3461B65701900FF247E /* LoadQuantityButton.swift */ = {isa = PBXFileReference; fileEncoding = 4; lastKnownFileType = sourcecode.swift; path = LoadQuantityButton.swift; sourceTree = "<group>"; };
		9BFC6B971B6FA33B0004DB58 /* HeatPipeSizerSettingsVC.swift */ = {isa = PBXFileReference; fileEncoding = 4; lastKnownFileType = sourcecode.swift; path = HeatPipeSizerSettingsVC.swift; sourceTree = "<group>"; };
/* End PBXFileReference section */

/* Begin PBXFrameworksBuildPhase section */
		9B094B801B599628002AB4A6 /* Frameworks */ = {
			isa = PBXFrameworksBuildPhase;
			buildActionMask = 2147483647;
			files = (
			);
			runOnlyForDeploymentPostprocessing = 0;
		};
		9B094B951B599628002AB4A6 /* Frameworks */ = {
			isa = PBXFrameworksBuildPhase;
			buildActionMask = 2147483647;
			files = (
			);
			runOnlyForDeploymentPostprocessing = 0;
		};
/* End PBXFrameworksBuildPhase section */

/* Begin PBXGroup section */
		9B094B7A1B599628002AB4A6 = {
			isa = PBXGroup;
			children = (
				9B094B851B599628002AB4A6 /* Toolbox */,
				9B094B9B1B599628002AB4A6 /* ToolboxTests */,
				9B094B841B599628002AB4A6 /* Products */,
			);
			sourceTree = "<group>";
		};
		9B094B841B599628002AB4A6 /* Products */ = {
			isa = PBXGroup;
			children = (
				9B094B831B599628002AB4A6 /* Toolbox.app */,
				9B094B981B599628002AB4A6 /* ToolboxTests.xctest */,
			);
			name = Products;
			sourceTree = "<group>";
		};
		9B094B851B599628002AB4A6 /* Toolbox */ = {
			isa = PBXGroup;
			children = (
				9B094B881B599628002AB4A6 /* AppDelegate.swift */,
				9B094BAD1B5996C3002AB4A6 /* Constants.swift */,
				9BCE1F181C6E7A0500F417FE /* InfoVC.swift */,
				9BE0EFF81C149D0A00E37680 /* Home */,
				9B094BAC1B5996AD002AB4A6 /* Daylight */,
				9B094BB11B59A10D002AB4A6 /* Water Pipe Sizer */,
				9BD6C40B1B60386E006D2408 /* Duct Sizer */,
				9BF7E3411B655FC600FF247E /* Heating Pipe Sizer */,
				9B4AD6521BB5E31C00AF9091 /* Objects */,
				9B094B8C1B599628002AB4A6 /* Main.storyboard */,
				9B094B8F1B599628002AB4A6 /* Images.xcassets */,
				9B094B911B599628002AB4A6 /* LaunchScreen.xib */,
				9B094B861B599628002AB4A6 /* Supporting Files */,
			);
			path = Toolbox;
			sourceTree = "<group>";
		};
		9B094B861B599628002AB4A6 /* Supporting Files */ = {
			isa = PBXGroup;
			children = (
				9B7F7CC91CFB2DF0002D352B /* DuctSizerFormulae.pdf */,
				9B7F7CCA1CFB2DF0002D352B /* PipeSizerFormulae.pdf */,
				9B094B871B599628002AB4A6 /* Info.plist */,
			);
			name = "Supporting Files";
			sourceTree = "<group>";
		};
		9B094B9B1B599628002AB4A6 /* ToolboxTests */ = {
			isa = PBXGroup;
			children = (
				9B094B9E1B599628002AB4A6 /* ToolboxTests.swift */,
				9B094B9C1B599628002AB4A6 /* Supporting Files */,
			);
			path = ToolboxTests;
			sourceTree = "<group>";
		};
		9B094B9C1B599628002AB4A6 /* Supporting Files */ = {
			isa = PBXGroup;
			children = (
				9B094B9D1B599628002AB4A6 /* Info.plist */,
			);
			name = "Supporting Files";
			sourceTree = "<group>";
		};
		9B094BAC1B5996AD002AB4A6 /* Daylight */ = {
			isa = PBXGroup;
			children = (
				9B094BA91B5996A7002AB4A6 /* DaylightCalculatorVC.swift */,
				9B094BA81B5996A7002AB4A6 /* DaylightCalculatorInfoVC.swift */,
			);
			name = Daylight;
			sourceTree = "<group>";
		};
		9B094BB11B59A10D002AB4A6 /* Water Pipe Sizer */ = {
			isa = PBXGroup;
			children = (
				9B4AD64E1BB5DF1400AF9091 /* WaterPipeSizerVC2.swift */,
				9B11A5F41B5BC24700695804 /* WaterPipeSizerSettingsVC.swift */,
				9BD1CD5A1B5EF98100EEFB40 /* DemandUnitTF.swift */,
				9B11A5F21B5BB64000695804 /* PipeTypeButton.swift */,
			);
			name = "Water Pipe Sizer";
			sourceTree = "<group>";
		};
		9B4AD6521BB5E31C00AF9091 /* Objects */ = {
			isa = PBXGroup;
			children = (
				9B4AD6501BB5E31300AF9091 /* ButtonWithRow.swift */,
				9B4AD6531BB5E34500AF9091 /* TextFieldWithRow.swift */,
			);
			name = Objects;
			sourceTree = "<group>";
		};
		9BD6C40B1B60386E006D2408 /* Duct Sizer */ = {
			isa = PBXGroup;
			children = (
				9BD6C40C1B603892006D2408 /* DuctSizerVC.swift */,
				9BF7E33F1B64F0DD00FF247E /* DuctSizerSettingsVC.swift */,
			);
			name = "Duct Sizer";
			sourceTree = "<group>";
		};
		9BE0EFF81C149D0A00E37680 /* Home */ = {
			isa = PBXGroup;
			children = (
				9BE0EFF91C149D2400E37680 /* HomeVC.swift */,
				9BE0EFFB1C149E2700E37680 /* ActionView.swift */,
			);
			name = Home;
			sourceTree = "<group>";
		};
		9BF7E3411B655FC600FF247E /* Heating Pipe Sizer */ = {
			isa = PBXGroup;
			children = (
				9BF7E3421B655FDF00FF247E /* HeatPipeSizerVC.swift */,
				9BFC6B971B6FA33B0004DB58 /* HeatPipeSizerSettingsVC.swift */,
				9BF7E3441B656DC400FF247E /* LoadInfoTF.swift */,
				9BF7E3461B65701900FF247E /* LoadQuantityButton.swift */,
			);
			name = "Heating Pipe Sizer";
			sourceTree = "<group>";
		};
/* End PBXGroup section */

/* Begin PBXNativeTarget section */
		9B094B821B599628002AB4A6 /* Toolbox */ = {
			isa = PBXNativeTarget;
			buildConfigurationList = 9B094BA21B599628002AB4A6 /* Build configuration list for PBXNativeTarget "Toolbox" */;
			buildPhases = (
				9B094B7F1B599628002AB4A6 /* Sources */,
				9B094B801B599628002AB4A6 /* Frameworks */,
				9B094B811B599628002AB4A6 /* Resources */,
			);
			buildRules = (
			);
			dependencies = (
			);
			name = Toolbox;
			productName = Toolbox;
			productReference = 9B094B831B599628002AB4A6 /* Toolbox.app */;
			productType = "com.apple.product-type.application";
		};
		9B094B971B599628002AB4A6 /* ToolboxTests */ = {
			isa = PBXNativeTarget;
			buildConfigurationList = 9B094BA51B599628002AB4A6 /* Build configuration list for PBXNativeTarget "ToolboxTests" */;
			buildPhases = (
				9B094B941B599628002AB4A6 /* Sources */,
				9B094B951B599628002AB4A6 /* Frameworks */,
				9B094B961B599628002AB4A6 /* Resources */,
			);
			buildRules = (
			);
			dependencies = (
				9B094B9A1B599628002AB4A6 /* PBXTargetDependency */,
			);
			name = ToolboxTests;
			productName = ToolboxTests;
			productReference = 9B094B981B599628002AB4A6 /* ToolboxTests.xctest */;
			productType = "com.apple.product-type.bundle.unit-test";
		};
/* End PBXNativeTarget section */

/* Begin PBXProject section */
		9B094B7B1B599628002AB4A6 /* Project object */ = {
			isa = PBXProject;
			attributes = {
				LastSwiftMigration = 0700;
				LastSwiftUpdateCheck = 0700;
				LastUpgradeCheck = 0640;
				ORGANIZATIONNAME = RichApps;
				TargetAttributes = {
					9B094B821B599628002AB4A6 = {
						CreatedOnToolsVersion = 6.4;
						DevelopmentTeam = 747FHAXMVE;
					};
					9B094B971B599628002AB4A6 = {
						CreatedOnToolsVersion = 6.4;
						TestTargetID = 9B094B821B599628002AB4A6;
					};
				};
			};
			buildConfigurationList = 9B094B7E1B599628002AB4A6 /* Build configuration list for PBXProject "Toolbox" */;
			compatibilityVersion = "Xcode 3.2";
			developmentRegion = English;
			hasScannedForEncodings = 0;
			knownRegions = (
				en,
				Base,
			);
			mainGroup = 9B094B7A1B599628002AB4A6;
			productRefGroup = 9B094B841B599628002AB4A6 /* Products */;
			projectDirPath = "";
			projectRoot = "";
			targets = (
				9B094B821B599628002AB4A6 /* Toolbox */,
				9B094B971B599628002AB4A6 /* ToolboxTests */,
			);
		};
/* End PBXProject section */

/* Begin PBXResourcesBuildPhase section */
		9B094B811B599628002AB4A6 /* Resources */ = {
			isa = PBXResourcesBuildPhase;
			buildActionMask = 2147483647;
			files = (
				9B7F7CCC1CFB2DF0002D352B /* PipeSizerFormulae.pdf in Resources */,
				9B094B8E1B599628002AB4A6 /* Main.storyboard in Resources */,
				9B7F7CCB1CFB2DF0002D352B /* DuctSizerFormulae.pdf in Resources */,
				9B094B931B599628002AB4A6 /* LaunchScreen.xib in Resources */,
				9B094B901B599628002AB4A6 /* Images.xcassets in Resources */,
			);
			runOnlyForDeploymentPostprocessing = 0;
		};
		9B094B961B599628002AB4A6 /* Resources */ = {
			isa = PBXResourcesBuildPhase;
			buildActionMask = 2147483647;
			files = (
			);
			runOnlyForDeploymentPostprocessing = 0;
		};
/* End PBXResourcesBuildPhase section */

/* Begin PBXSourcesBuildPhase section */
		9B094B7F1B599628002AB4A6 /* Sources */ = {
			isa = PBXSourcesBuildPhase;
			buildActionMask = 2147483647;
			files = (
				9BF7E3471B65701900FF247E /* LoadQuantityButton.swift in Sources */,
				9BD1CD5B1B5EF98100EEFB40 /* DemandUnitTF.swift in Sources */,
				9BF7E3451B656DC400FF247E /* LoadInfoTF.swift in Sources */,
				9BCE1F191C6E7A0500F417FE /* InfoVC.swift in Sources */,
				9B4AD64F1BB5DF1400AF9091 /* WaterPipeSizerVC2.swift in Sources */,
				9B11A5F51B5BC24700695804 /* WaterPipeSizerSettingsVC.swift in Sources */,
				9BE0EFFA1C149D2400E37680 /* HomeVC.swift in Sources */,
				9BD6C40D1B603892006D2408 /* DuctSizerVC.swift in Sources */,
				9B094BAE1B5996C3002AB4A6 /* Constants.swift in Sources */,
				9B094B891B599628002AB4A6 /* AppDelegate.swift in Sources */,
				9B094BAB1B5996A7002AB4A6 /* DaylightCalculatorVC.swift in Sources */,
				9B094BAA1B5996A7002AB4A6 /* DaylightCalculatorInfoVC.swift in Sources */,
				9B4AD6541BB5E34500AF9091 /* TextFieldWithRow.swift in Sources */,
				9BE0EFFC1C149E2700E37680 /* ActionView.swift in Sources */,
				9BF7E3431B655FDF00FF247E /* HeatPipeSizerVC.swift in Sources */,
				9BFC6B981B6FA33B0004DB58 /* HeatPipeSizerSettingsVC.swift in Sources */,
				9B11A5F31B5BB64000695804 /* PipeTypeButton.swift in Sources */,
				9B4AD6511BB5E31300AF9091 /* ButtonWithRow.swift in Sources */,
				9BF7E3401B64F0DD00FF247E /* DuctSizerSettingsVC.swift in Sources */,
			);
			runOnlyForDeploymentPostprocessing = 0;
		};
		9B094B941B599628002AB4A6 /* Sources */ = {
			isa = PBXSourcesBuildPhase;
			buildActionMask = 2147483647;
			files = (
				9B094B9F1B599628002AB4A6 /* ToolboxTests.swift in Sources */,
			);
			runOnlyForDeploymentPostprocessing = 0;
		};
/* End PBXSourcesBuildPhase section */

/* Begin PBXTargetDependency section */
		9B094B9A1B599628002AB4A6 /* PBXTargetDependency */ = {
			isa = PBXTargetDependency;
			target = 9B094B821B599628002AB4A6 /* Toolbox */;
			targetProxy = 9B094B991B599628002AB4A6 /* PBXContainerItemProxy */;
		};
/* End PBXTargetDependency section */

/* Begin PBXVariantGroup section */
		9B094B8C1B599628002AB4A6 /* Main.storyboard */ = {
			isa = PBXVariantGroup;
			children = (
				9B094B8D1B599628002AB4A6 /* Base */,
			);
			name = Main.storyboard;
			sourceTree = "<group>";
		};
		9B094B911B599628002AB4A6 /* LaunchScreen.xib */ = {
			isa = PBXVariantGroup;
			children = (
				9B094B921B599628002AB4A6 /* Base */,
			);
			name = LaunchScreen.xib;
			sourceTree = "<group>";
		};
/* End PBXVariantGroup section */

/* Begin XCBuildConfiguration section */
		9B094BA01B599628002AB4A6 /* Debug */ = {
			isa = XCBuildConfiguration;
			buildSettings = {
				ALWAYS_SEARCH_USER_PATHS = NO;
				CLANG_CXX_LANGUAGE_STANDARD = "gnu++0x";
				CLANG_CXX_LIBRARY = "libc++";
				CLANG_ENABLE_MODULES = YES;
				CLANG_ENABLE_OBJC_ARC = YES;
				CLANG_WARN_BOOL_CONVERSION = YES;
				CLANG_WARN_CONSTANT_CONVERSION = YES;
				CLANG_WARN_DIRECT_OBJC_ISA_USAGE = YES_ERROR;
				CLANG_WARN_EMPTY_BODY = YES;
				CLANG_WARN_ENUM_CONVERSION = YES;
				CLANG_WARN_INT_CONVERSION = YES;
				CLANG_WARN_OBJC_ROOT_CLASS = YES_ERROR;
				CLANG_WARN_UNREACHABLE_CODE = YES;
				CLANG_WARN__DUPLICATE_METHOD_MATCH = YES;
				"CODE_SIGN_IDENTITY[sdk=iphoneos*]" = "iPhone Developer";
				COPY_PHASE_STRIP = NO;
				DEBUG_INFORMATION_FORMAT = "dwarf-with-dsym";
				ENABLE_STRICT_OBJC_MSGSEND = YES;
				GCC_C_LANGUAGE_STANDARD = gnu99;
				GCC_DYNAMIC_NO_PIC = NO;
				GCC_NO_COMMON_BLOCKS = YES;
				GCC_OPTIMIZATION_LEVEL = 0;
				GCC_PREPROCESSOR_DEFINITIONS = (
					"DEBUG=1",
					"$(inherited)",
				);
				GCC_SYMBOLS_PRIVATE_EXTERN = NO;
				GCC_WARN_64_TO_32_BIT_CONVERSION = YES;
				GCC_WARN_ABOUT_RETURN_TYPE = YES_ERROR;
				GCC_WARN_UNDECLARED_SELECTOR = YES;
				GCC_WARN_UNINITIALIZED_AUTOS = YES_AGGRESSIVE;
				GCC_WARN_UNUSED_FUNCTION = YES;
				GCC_WARN_UNUSED_VARIABLE = YES;
				IPHONEOS_DEPLOYMENT_TARGET = 8.4;
				MTL_ENABLE_DEBUG_INFO = YES;
				ONLY_ACTIVE_ARCH = YES;
				SDKROOT = iphoneos;
				SWIFT_OPTIMIZATION_LEVEL = "-Onone";
			};
			name = Debug;
		};
		9B094BA11B599628002AB4A6 /* Release */ = {
			isa = XCBuildConfiguration;
			buildSettings = {
				ALWAYS_SEARCH_USER_PATHS = NO;
				CLANG_CXX_LANGUAGE_STANDARD = "gnu++0x";
				CLANG_CXX_LIBRARY = "libc++";
				CLANG_ENABLE_MODULES = YES;
				CLANG_ENABLE_OBJC_ARC = YES;
				CLANG_WARN_BOOL_CONVERSION = YES;
				CLANG_WARN_CONSTANT_CONVERSION = YES;
				CLANG_WARN_DIRECT_OBJC_ISA_USAGE = YES_ERROR;
				CLANG_WARN_EMPTY_BODY = YES;
				CLANG_WARN_ENUM_CONVERSION = YES;
				CLANG_WARN_INT_CONVERSION = YES;
				CLANG_WARN_OBJC_ROOT_CLASS = YES_ERROR;
				CLANG_WARN_UNREACHABLE_CODE = YES;
				CLANG_WARN__DUPLICATE_METHOD_MATCH = YES;
				"CODE_SIGN_IDENTITY[sdk=iphoneos*]" = "iPhone Developer";
				COPY_PHASE_STRIP = NO;
				DEBUG_INFORMATION_FORMAT = "dwarf-with-dsym";
				ENABLE_NS_ASSERTIONS = NO;
				ENABLE_STRICT_OBJC_MSGSEND = YES;
				GCC_C_LANGUAGE_STANDARD = gnu99;
				GCC_NO_COMMON_BLOCKS = YES;
				GCC_WARN_64_TO_32_BIT_CONVERSION = YES;
				GCC_WARN_ABOUT_RETURN_TYPE = YES_ERROR;
				GCC_WARN_UNDECLARED_SELECTOR = YES;
				GCC_WARN_UNINITIALIZED_AUTOS = YES_AGGRESSIVE;
				GCC_WARN_UNUSED_FUNCTION = YES;
				GCC_WARN_UNUSED_VARIABLE = YES;
				IPHONEOS_DEPLOYMENT_TARGET = 8.4;
				MTL_ENABLE_DEBUG_INFO = NO;
				SDKROOT = iphoneos;
				VALIDATE_PRODUCT = YES;
			};
			name = Release;
		};
		9B094BA31B599628002AB4A6 /* Debug */ = {
			isa = XCBuildConfiguration;
			buildSettings = {
				ASSETCATALOG_COMPILER_APPICON_NAME = AppIcon;
				CODE_SIGN_IDENTITY = "iPhone Developer";
				INFOPLIST_FILE = Toolbox/Info.plist;
				IPHONEOS_DEPLOYMENT_TARGET = 8.0;
				LD_RUNPATH_SEARCH_PATHS = "$(inherited) @executable_path/Frameworks";
				PRODUCT_NAME = "$(TARGET_NAME)";
				TARGETED_DEVICE_FAMILY = "1,2";
			};
			name = Debug;
		};
		9B094BA41B599628002AB4A6 /* Release */ = {
			isa = XCBuildConfiguration;
			buildSettings = {
				ASSETCATALOG_COMPILER_APPICON_NAME = AppIcon;
				CODE_SIGN_IDENTITY = "iPhone Developer";
				INFOPLIST_FILE = Toolbox/Info.plist;
				IPHONEOS_DEPLOYMENT_TARGET = 8.0;
				LD_RUNPATH_SEARCH_PATHS = "$(inherited) @executable_path/Frameworks";
				PRODUCT_NAME = "$(TARGET_NAME)";
				TARGETED_DEVICE_FAMILY = "1,2";
			};
			name = Release;
		};
		9B094BA61B599628002AB4A6 /* Debug */ = {
			isa = XCBuildConfiguration;
			buildSettings = {
				BUNDLE_LOADER = "$(TEST_HOST)";
				FRAMEWORK_SEARCH_PATHS = (
					"$(SDKROOT)/Developer/Library/Frameworks",
					"$(inherited)",
				);
				GCC_PREPROCESSOR_DEFINITIONS = (
					"DEBUG=1",
					"$(inherited)",
				);
				INFOPLIST_FILE = ToolboxTests/Info.plist;
				LD_RUNPATH_SEARCH_PATHS = "$(inherited) @executable_path/Frameworks @loader_path/Frameworks";
				PRODUCT_NAME = "$(TARGET_NAME)";
				TEST_HOST = "$(BUILT_PRODUCTS_DIR)/Toolbox.app/Toolbox";
			};
			name = Debug;
		};
		9B094BA71B599628002AB4A6 /* Release */ = {
			isa = XCBuildConfiguration;
			buildSettings = {
				BUNDLE_LOADER = "$(TEST_HOST)";
				FRAMEWORK_SEARCH_PATHS = (
					"$(SDKROOT)/Developer/Library/Frameworks",
					"$(inherited)",
				);
				INFOPLIST_FILE = ToolboxTests/Info.plist;
				LD_RUNPATH_SEARCH_PATHS = "$(inherited) @executable_path/Frameworks @loader_path/Frameworks";
				PRODUCT_NAME = "$(TARGET_NAME)";
				TEST_HOST = "$(BUILT_PRODUCTS_DIR)/Toolbox.app/Toolbox";
			};
			name = Release;
		};
/* End XCBuildConfiguration section */

/* Begin XCConfigurationList section */
		9B094B7E1B599628002AB4A6 /* Build configuration list for PBXProject "Toolbox" */ = {
			isa = XCConfigurationList;
			buildConfigurations = (
				9B094BA01B599628002AB4A6 /* Debug */,
				9B094BA11B599628002AB4A6 /* Release */,
			);
			defaultConfigurationIsVisible = 0;
			defaultConfigurationName = Release;
		};
		9B094BA21B599628002AB4A6 /* Build configuration list for PBXNativeTarget "Toolbox" */ = {
			isa = XCConfigurationList;
			buildConfigurations = (
				9B094BA31B599628002AB4A6 /* Debug */,
				9B094BA41B599628002AB4A6 /* Release */,
			);
			defaultConfigurationIsVisible = 0;
			defaultConfigurationName = Release;
		};
		9B094BA51B599628002AB4A6 /* Build configuration list for PBXNativeTarget "ToolboxTests" */ = {
			isa = XCConfigurationList;
			buildConfigurations = (
				9B094BA61B599628002AB4A6 /* Debug */,
				9B094BA71B599628002AB4A6 /* Release */,
			);
			defaultConfigurationIsVisible = 0;
			defaultConfigurationName = Release;
		};
/* End XCConfigurationList section */
	};
	rootObject = 9B094B7B1B599628002AB4A6 /* Project object */;
}
